
Microsoft Visual Studio Solution File, Format Version 10.00
# Visual Studio 2008
Project("{FAE04EC0-301F-11D3-BF4B-00C04F79EFBC}") = "OAWeb", "OA\OAWeb.csproj", "{A20A8196-663C-4AD2-975D-54E9F1AEFDF3}"
EndProject
Project("{FAE04EC0-301F-11D3-BF4B-00C04F79EFBC}") = "OA.DAL", "OA.DAL\OA.DAL.csproj", "{ACBC3045-1D45-45EC-A7FB-86C0A77E8ACD}"
EndProject
Project("{FAE04EC0-301F-11D3-BF4B-00C04F79EFBC}") = "OA.BLL", "OA.BLL\OA.BLL.csproj", "{522E9B3C-EAA9-4F18-80DC-F30057428B2D}"
EndProject
Global
	GlobalSection(SolutionConfigurationPlatforms) = preSolution
		Debug|Any CPU = Debug|Any CPU
		Release|Any CPU = Release|Any CPU
	EndGlobalSection
	GlobalSection(ProjectConfigurationPlatforms) = postSolution
		{A20A8196-663C-4AD2-975D-54E9F1AEFDF3}.Debug|Any CPU.ActiveCfg = Debug|Any CPU
		{A20A8196-663C-4AD2-975D-54E9F1AEFDF3}.Debug|Any CPU.Build.0 = Debug|Any CPU
		{A20A8196-663C-4AD2-975D-54E9F1AEFDF3}.Release|Any CPU.ActiveCfg = Release|Any CPU
		{A20A8196-663C-4AD2-975D-54E9F1AEFDF3}.Release|Any CPU.Build.0 = Release|Any CPU
		{ACBC3045-1D45-45EC-A7FB-86C0A77E8ACD}.Debug|Any CPU.ActiveCfg = Debug|Any CPU
		{ACBC3045-1D45-45EC-A7FB-86C0A77E8ACD}.Debug|Any CPU.Build.0 = Debug|Any CPU
		{ACBC3045-1D45-45EC-A7FB-86C0A77E8ACD}.Release|Any CPU.ActiveCfg = Release|Any CPU
		{ACBC3045-1D45-45EC-A7FB-86C0A77E8ACD}.Release|Any CPU.Build.0 = Release|Any CPU
		{522E9B3C-EAA9-4F18-80DC-F30057428B2D}.Debug|Any CPU.ActiveCfg = Debug|Any CPU
		{522E9B3C-EAA9-4F18-80DC-F30057428B2D}.Debug|Any CPU.Build.0 = Debug|Any CPU
		{522E9B3C-EAA9-4F18-80DC-F30057428B2D}.Release|Any CPU.ActiveCfg = Release|Any CPU
		{522E9B3C-EAA9-4F18-80DC-F30057428B2D}.Release|Any CPU.Build.0 = Release|Any CPU
	EndGlobalSection
	GlobalSection(SolutionProperties) = preSolution
		HideSolutionNode = FALSE
	EndGlobalSection
EndGlobal
